
Microsoft Visual Studio Solution File, Format Version 12.00
# Visual Studio Version 17
VisualStudioVersion = 17.1.32414.318
MinimumVisualStudioVersion = 10.0.40219.1
Project("{FAE04EC0-301F-11D3-BF4B-00C04F79EFBC}") = "Calculadora_Examen", "Calculadora_Examen\Calculadora_Examen.csproj", "{84298135-60DD-42A3-8D54-458EBCF601FF}"
EndProject
Global
	GlobalSection(SolutionConfigurationPlatforms) = preSolution
		Debug|Any CPU = Debug|Any CPU
		Release|Any CPU = Release|Any CPU
	EndGlobalSection
	GlobalSection(ProjectConfigurationPlatforms) = postSolution
		{84298135-60DD-42A3-8D54-458EBCF601FF}.Debug|Any CPU.ActiveCfg = Debug|Any CPU
		{84298135-60DD-42A3-8D54-458EBCF601FF}.Debug|Any CPU.Build.0 = Debug|Any CPU
		{84298135-60DD-42A3-8D54-458EBCF601FF}.Release|Any CPU.ActiveCfg = Release|Any CPU
		{84298135-60DD-42A3-8D54-458EBCF601FF}.Release|Any CPU.Build.0 = Release|Any CPU
	EndGlobalSection
	GlobalSection(SolutionProperties) = preSolution
		HideSolutionNode = FALSE
	EndGlobalSection
	GlobalSection(ExtensibilityGlobals) = postSolution
		SolutionGuid = {EA6E650B-9052-46D4-84E7-8A42032964DF}
	EndGlobalSection
EndGlobal
